
Microsoft Visual Studio Solution File, Format Version 12.00
# Visual Studio Version 17
VisualStudioVersion = 17.10.34916.146
MinimumVisualStudioVersion = 10.0.40219.1
Project("{9A19103F-16F7-4668-BE54-9A1E7A4F7556}") = "TodoList.Api", "TodoList.Api\TodoList.Api.csproj", "{065CE954-2618-4A24-A613-9C336C2154C6}"
EndProject
Project("{2150E333-8FDC-42A3-9474-1A3956D46DE8}") = "Services", "Services", "{27866032-7B34-43B5-978E-DC1160E3D28D}"
EndProject
Project("{2150E333-8FDC-42A3-9474-1A3956D46DE8}") = "Data", "Data", "{500F4C17-3077-44D6-AE60-F7820FB4A823}"
EndProject
Project("{FAE04EC0-301F-11D3-BF4B-00C04F79EFBC}") = "TodoList.Services.TodoListService", "Services\TodoList.Services.TodoListService\TodoList.Services.TodoListService.csproj", "{CF30F59D-2193-4B4D-92D3-381FD698B1B8}"
EndProject
Project("{FAE04EC0-301F-11D3-BF4B-00C04F79EFBC}") = "TodoList.Data.TodoListInMemory", "Data\TodoList.Data.TodoListInMemory\TodoList.Data.TodoListInMemory.csproj", "{70087FD6-D200-41E9-9ABE-22290EAB5CB5}"
EndProject
Project("{2150E333-8FDC-42A3-9474-1A3956D46DE8}") = "Common", "Common", "{F3A6F931-E3DA-4360-8F4D-03C3A967D8FE}"
EndProject
Project("{FAE04EC0-301F-11D3-BF4B-00C04F79EFBC}") = "TodoList.Common", "Common\TodoList.Common\TodoList.Common.csproj", "{5E269146-DDC6-4BAD-861A-DA0C26AF1BF4}"
EndProject
Project("{2150E333-8FDC-42A3-9474-1A3956D46DE8}") = "Tests", "Tests", "{B5CDCE12-EA55-4B53-9571-6F10089D3BA2}"
EndProject
Project("{9A19103F-16F7-4668-BE54-9A1E7A4F7556}") = "TodoList.Api.UnitTests", "Tests\TodoList.Api.UnitTests\TodoList.Api.UnitTests.csproj", "{5EE7490F-2F02-4DEC-BDAC-82957432DEEE}"
EndProject
Global
	GlobalSection(SolutionConfigurationPlatforms) = preSolution
		Debug|Any CPU = Debug|Any CPU
		Release|Any CPU = Release|Any CPU
	EndGlobalSection
	GlobalSection(ProjectConfigurationPlatforms) = postSolution
		{065CE954-2618-4A24-A613-9C336C2154C6}.Debug|Any CPU.ActiveCfg = Debug|Any CPU
		{065CE954-2618-4A24-A613-9C336C2154C6}.Debug|Any CPU.Build.0 = Debug|Any CPU
		{065CE954-2618-4A24-A613-9C336C2154C6}.Release|Any CPU.ActiveCfg = Release|Any CPU
		{065CE954-2618-4A24-A613-9C336C2154C6}.Release|Any CPU.Build.0 = Release|Any CPU
		{CF30F59D-2193-4B4D-92D3-381FD698B1B8}.Debug|Any CPU.ActiveCfg = Debug|Any CPU
		{CF30F59D-2193-4B4D-92D3-381FD698B1B8}.Debug|Any CPU.Build.0 = Debug|Any CPU
		{CF30F59D-2193-4B4D-92D3-381FD698B1B8}.Release|Any CPU.ActiveCfg = Release|Any CPU
		{CF30F59D-2193-4B4D-92D3-381FD698B1B8}.Release|Any CPU.Build.0 = Release|Any CPU
		{70087FD6-D200-41E9-9ABE-22290EAB5CB5}.Debug|Any CPU.ActiveCfg = Debug|Any CPU
		{70087FD6-D200-41E9-9ABE-22290EAB5CB5}.Debug|Any CPU.Build.0 = Debug|Any CPU
		{70087FD6-D200-41E9-9ABE-22290EAB5CB5}.Release|Any CPU.ActiveCfg = Release|Any CPU
		{70087FD6-D200-41E9-9ABE-22290EAB5CB5}.Release|Any CPU.Build.0 = Release|Any CPU
		{5E269146-DDC6-4BAD-861A-DA0C26AF1BF4}.Debug|Any CPU.ActiveCfg = Debug|Any CPU
		{5E269146-DDC6-4BAD-861A-DA0C26AF1BF4}.Debug|Any CPU.Build.0 = Debug|Any CPU
		{5E269146-DDC6-4BAD-861A-DA0C26AF1BF4}.Release|Any CPU.ActiveCfg = Release|Any CPU
		{5E269146-DDC6-4BAD-861A-DA0C26AF1BF4}.Release|Any CPU.Build.0 = Release|Any CPU
		{5EE7490F-2F02-4DEC-BDAC-82957432DEEE}.Debug|Any CPU.ActiveCfg = Debug|Any CPU
		{5EE7490F-2F02-4DEC-BDAC-82957432DEEE}.Debug|Any CPU.Build.0 = Debug|Any CPU
		{5EE7490F-2F02-4DEC-BDAC-82957432DEEE}.Release|Any CPU.ActiveCfg = Release|Any CPU
		{5EE7490F-2F02-4DEC-BDAC-82957432DEEE}.Release|Any CPU.Build.0 = Release|Any CPU
	EndGlobalSection
	GlobalSection(SolutionProperties) = preSolution
		HideSolutionNode = FALSE
	EndGlobalSection
	GlobalSection(NestedProjects) = preSolution
		{CF30F59D-2193-4B4D-92D3-381FD698B1B8} = {27866032-7B34-43B5-978E-DC1160E3D28D}
		{70087FD6-D200-41E9-9ABE-22290EAB5CB5} = {500F4C17-3077-44D6-AE60-F7820FB4A823}
		{5E269146-DDC6-4BAD-861A-DA0C26AF1BF4} = {F3A6F931-E3DA-4360-8F4D-03C3A967D8FE}
		{5EE7490F-2F02-4DEC-BDAC-82957432DEEE} = {B5CDCE12-EA55-4B53-9571-6F10089D3BA2}
	EndGlobalSection
	GlobalSection(ExtensibilityGlobals) = postSolution
		SolutionGuid = {061F7879-5D14-4C5E-A4A9-782C6FEB1132}
	EndGlobalSection
EndGlobal
